
Microsoft Visual Studio Solution File, Format Version 12.00
# Visual Studio Version 17
VisualStudioVersion = 17.14.36511.14
MinimumVisualStudioVersion = 10.0.40219.1
Project("{FAE04EC0-301F-11D3-BF4B-00C04F79EFBC}") = "EventService.API", "EventService.API\EventService.API.csproj", "{AD5967B2-DB87-4935-9EC3-33981088E3B6}"
EndProject
Project("{FAE04EC0-301F-11D3-BF4B-00C04F79EFBC}") = "Application", "Application\Application.csproj", "{8E8FD040-4E97-4F04-900C-263C518ACA5B}"
EndProject
Project("{FAE04EC0-301F-11D3-BF4B-00C04F79EFBC}") = "Domain", "Domain\Domain.csproj", "{8C5B3CEF-9F8B-4D8E-AD1A-7538B5BBB628}"
EndProject
Project("{FAE04EC0-301F-11D3-BF4B-00C04F79EFBC}") = "Infrastructure", "Infrastructure\Infrastructure.csproj", "{F6BD6673-E63B-434A-B067-9AC6C7B3A715}"
EndProject
Global
	GlobalSection(SolutionConfigurationPlatforms) = preSolution
		Debug|Any CPU = Debug|Any CPU
		Release|Any CPU = Release|Any CPU
	EndGlobalSection
	GlobalSection(ProjectConfigurationPlatforms) = postSolution
		{AD5967B2-DB87-4935-9EC3-33981088E3B6}.Debug|Any CPU.ActiveCfg = Debug|Any CPU
		{AD5967B2-DB87-4935-9EC3-33981088E3B6}.Debug|Any CPU.Build.0 = Debug|Any CPU
		{AD5967B2-DB87-4935-9EC3-33981088E3B6}.Release|Any CPU.ActiveCfg = Release|Any CPU
		{AD5967B2-DB87-4935-9EC3-33981088E3B6}.Release|Any CPU.Build.0 = Release|Any CPU
		{8E8FD040-4E97-4F04-900C-263C518ACA5B}.Debug|Any CPU.ActiveCfg = Debug|Any CPU
		{8E8FD040-4E97-4F04-900C-263C518ACA5B}.Debug|Any CPU.Build.0 = Debug|Any CPU
		{8E8FD040-4E97-4F04-900C-263C518ACA5B}.Release|Any CPU.ActiveCfg = Release|Any CPU
		{8E8FD040-4E97-4F04-900C-263C518ACA5B}.Release|Any CPU.Build.0 = Release|Any CPU
		{8C5B3CEF-9F8B-4D8E-AD1A-7538B5BBB628}.Debug|Any CPU.ActiveCfg = Debug|Any CPU
		{8C5B3CEF-9F8B-4D8E-AD1A-7538B5BBB628}.Debug|Any CPU.Build.0 = Debug|Any CPU
		{8C5B3CEF-9F8B-4D8E-AD1A-7538B5BBB628}.Release|Any CPU.ActiveCfg = Release|Any CPU
		{8C5B3CEF-9F8B-4D8E-AD1A-7538B5BBB628}.Release|Any CPU.Build.0 = Release|Any CPU
		{F6BD6673-E63B-434A-B067-9AC6C7B3A715}.Debug|Any CPU.ActiveCfg = Debug|Any CPU
		{F6BD6673-E63B-434A-B067-9AC6C7B3A715}.Debug|Any CPU.Build.0 = Debug|Any CPU
		{F6BD6673-E63B-434A-B067-9AC6C7B3A715}.Release|Any CPU.ActiveCfg = Release|Any CPU
		{F6BD6673-E63B-434A-B067-9AC6C7B3A715}.Release|Any CPU.Build.0 = Release|Any CPU
	EndGlobalSection
	GlobalSection(SolutionProperties) = preSolution
		HideSolutionNode = FALSE
	EndGlobalSection
	GlobalSection(ExtensibilityGlobals) = postSolution
		SolutionGuid = {6C59BE1F-06E2-4823-9EFB-9E103523CCD5}
	EndGlobalSection
EndGlobal
